version = 1
revision = 3
requires-python = ">=3.14"

[[package]]
name = "austin-dist"
version = "4.0.0"
source = { registry = "https://pypi.org/simple" }
wheels = [
    { url = "https://files.pythonhosted.org/packages/f1/60/3d7eb8841f2687c2874bb425fd6c0a1a08a6747fbf926f51e546c0151a25/austin_dist-4.0.0-py3-none-macosx_11_0_arm64.whl", hash = "sha256:534a0194ff0bc58486e883e80078be4a413a6616c98c3acd67c54eeebf48dc0c", size = 44550, upload-time = "2025-11-01T09:27:48.604Z" },
    { url = "https://files.pythonhosted.org/packages/04/fa/e3b72415da6699f66c97a2f864abdbdf10111a537284bd1a742d4975c4af/austin_dist-4.0.0-py3-none-macosx_11_0_x86_64.whl", hash = "sha256:79337a658acb942a4ab4c6eab04a08b347c8f5a9c572abb47f1c73981fe7ac3e", size = 45331, upload-time = "2025-11-01T09:27:49.867Z" },
    { url = "https://files.pythonhosted.org/packages/e8/cd/000b1cdfc16c65145a7e5762126ab328404870f17da16b7313a02f6aee90/austin_dist-4.0.0-py3-none-manylinux_2_12_x86_64.manylinux2010_x86_64.whl", hash = "sha256:d7b5c8025ccad164899829f493f8865ac6abeca3624be00efc06307a4f4ed098", size = 1054201, upload-time = "2025-11-01T09:29:19.918Z" },
    { url = "https://files.pythonhosted.org/packages/c0/25/89c1b7f953ab2de491492f3c38692063e229f2bf1a8a15b1764293d80231/austin_dist-4.0.0-py3-none-manylinux_2_17_aarch64.manylinux2014_aarch64.whl", hash = "sha256:7f9d6df6237146a8914e0fcbedc7173bb6ec06d6bacd85eafb501a5cffc950b6", size = 845813, upload-time = "2025-11-02T14:45:21.174Z" },
    { url = "https://files.pythonhosted.org/packages/43/e9/e42bee6467c46cccd01b9500438c768905d45f37a7158337335a28ba3403/austin_dist-4.0.0-py3-none-manylinux_2_17_armv7l.manylinux2014_armv7l.whl", hash = "sha256:e4f9d15f9610dbb794905a3d61fac9d3a77c342623d826f09bf6a3b3a75cb986", size = 617386, upload-time = "2025-11-02T14:45:38.606Z" },
    { url = "https://files.pythonhosted.org/packages/e7/6d/fe22badf0483b01a03afdb171b41ac0ff83ec1b69e4a24be361dd6ac7c59/austin_dist-4.0.0-py3-none-manylinux_2_17_ppc64le.manylinux2014_ppc64le.whl", hash = "sha256:1fc064776a2968bf06218cfea0b150914f5dd5b194bc29bd974e3278b2e6d64c", size = 911069, upload-time = "2025-11-02T14:45:45.7Z" },
    { url = "https://files.pythonhosted.org/packages/1c/7f/58c4cbbfddfedcf29ea74bcb3361b576cdfb9b40ebbf7bfd20f70cda8761/austin_dist-4.0.0-py3-none-musllinux_1_1_aarch64.whl", hash = "sha256:2681e592dcf6d430953f72a46795583fd25286fe101b8cfd716dcbb6675f032e", size = 44031, upload-time = "2025-11-02T14:45:23.233Z" },
    { url = "https://files.pythonhosted.org/packages/e3/f2/81e6b35046aeff47c9c6db37fd46eb161e77d297e2278535b70737affd36/austin_dist-4.0.0-py3-none-musllinux_1_1_armv7l.whl", hash = "sha256:c9198f2450154f4c2c7d90e4420aacb9792f1e1b9d08568974f8813b38e1c02a", size = 46490, upload-time = "2025-11-02T14:45:40.116Z" },
    { url = "https://files.pythonhosted.org/packages/95/56/f253d976015fa3f13d06b8ba9edb810153c85fe5c1030b9523745edd409e/austin_dist-4.0.0-py3-none-musllinux_1_1_ppc64le.whl", hash = "sha256:027c39acee72615badf028ec9b9659df2c8be72517e54a73e525ce77c047b5c0", size = 45470, upload-time = "2025-11-02T14:45:47.103Z" },
    { url = "https://files.pythonhosted.org/packages/60/27/35b6526192e569b31dcec807acb99539ae5585e10ee67a79ee309a8f7887/austin_dist-4.0.0-py3-none-musllinux_1_1_x86_64.whl", hash = "sha256:d8a7bcded0020d0c66869b7cf6703da79434051f422458f6555fea9f4aff488b", size = 44133, upload-time = "2025-11-01T09:29:21.202Z" },
    { url = "https://files.pythonhosted.org/packages/38/70/81d96e8c33f300f01935a9a87fa1ff124ca25eb1cb85dcf30ce06f7c5360/austin_dist-4.0.0-py3-none-win_amd64.whl", hash = "sha256:8a59d8b4d00eed828b2734e73661d437487906486de71a7e414e4445dde7ab63", size = 59324, upload-time = "2025-11-01T09:28:10.713Z" },
]

[[package]]
name = "austin-playground"
version = "0.1.0"
source = { virtual = "." }
dependencies = [
    { name = "austin-dist" },
    { name = "austin-python" },
]

[package.metadata]
requires-dist = [
    { name = "austin-dist", specifier = ">=4.0.0" },
    { name = "austin-python", specifier = ">=2.2.0" },
]

[[package]]
name = "austin-python"
version = "2.2.0"
source = { registry = "https://pypi.org/simple" }
dependencies = [
    { name = "protobuf" },
    { name = "psutil" },
    { name = "toml" },
]
sdist = { url = "https://files.pythonhosted.org/packages/07/f0/690fe6927dddbb3f9daa546dcac6817073b1ece72af20b398cce35edd10c/austin_python-2.2.0.tar.gz", hash = "sha256:c546f6c57410332b3734c2b96451c1fd409d883ddaeac39e085c497f6ff1e408", size = 218930, upload-time = "2026-04-30T17:14:39.709Z" }
wheels = [
    { url = "https://files.pythonhosted.org/packages/82/d0/672640a595292584dce7804f7d87fb6bbc7624fcb3d244514a1d0ea0bff8/austin_python-2.2.0-py3-none-any.whl", hash = "sha256:7948bf14b61d452baba92b40900bc9fa0cadb2a1a1f99bb21d901e6c16ab9285", size = 78647, upload-time = "2026-04-30T17:14:38.25Z" },
]

[[package]]
name = "protobuf"
version = "3.20.3"
source = { registry = "https://pypi.org/simple" }
sdist = { url = "https://files.pythonhosted.org/packages/55/5b/e3d951e34f8356e5feecacd12a8e3b258a1da6d9a03ad1770f28925f29bc/protobuf-3.20.3.tar.gz", hash = "sha256:2e3427429c9cffebf259491be0af70189607f365c2f41c7c3764af6f337105f2", size = 216768, upload-time = "2022-09-29T22:39:47.592Z" }
wheels = [
    { url = "https://files.pythonhosted.org/packages/8d/14/619e24a4c70df2901e1f4dbc50a6291eb63a759172558df326347dce1f0d/protobuf-3.20.3-py2.py3-none-any.whl", hash = "sha256:a7ca6d488aa8ff7f329d4c545b2dbad8ac31464f1d8b1c87ad1346717731e4db", size = 162128, upload-time = "2022-09-29T22:39:44.547Z" },
]

[[package]]
name = "psutil"
version = "7.2.2"
source = { registry = "https://pypi.org/simple" }
sdist = { url = "https://files.pythonhosted.org/packages/aa/c6/d1ddf4abb55e93cebc4f2ed8b5d6dbad109ecb8d63748dd2b20ab5e57ebe/psutil-7.2.2.tar.gz", hash = "sha256:0746f5f8d406af344fd547f1c8daa5f5c33dbc293bb8d6a16d80b4bb88f59372", size = 493740, upload-time = "2026-01-28T18:14:54.428Z" }
wheels = [
    { url = "https://files.pythonhosted.org/packages/81/69/ef179ab5ca24f32acc1dac0c247fd6a13b501fd5534dbae0e05a1c48b66d/psutil-7.2.2-cp314-cp314t-macosx_10_15_x86_64.whl", hash = "sha256:eed63d3b4d62449571547b60578c5b2c4bcccc5387148db46e0c2313dad0ee00", size = 130664, upload-time = "2026-01-28T18:15:09.469Z" },
    { url = "https://files.pythonhosted.org/packages/7b/64/665248b557a236d3fa9efc378d60d95ef56dd0a490c2cd37dafc7660d4a9/psutil-7.2.2-cp314-cp314t-macosx_11_0_arm64.whl", hash = "sha256:7b6d09433a10592ce39b13d7be5a54fbac1d1228ed29abc880fb23df7cb694c9", size = 131087, upload-time = "2026-01-28T18:15:11.724Z" },
    { url = "https://files.pythonhosted.org/packages/d5/2e/e6782744700d6759ebce3043dcfa661fb61e2fb752b91cdeae9af12c2178/psutil-7.2.2-cp314-cp314t-manylinux2010_x86_64.manylinux_2_12_x86_64.manylinux_2_28_x86_64.whl", hash = "sha256:1fa4ecf83bcdf6e6c8f4449aff98eefb5d0604bf88cb883d7da3d8d2d909546a", size = 182383, upload-time = "2026-01-28T18:15:13.445Z" },
    { url = "https://files.pythonhosted.org/packages/57/49/0a41cefd10cb7505cdc04dab3eacf24c0c2cb158a998b8c7b1d27ee2c1f5/psutil-7.2.2-cp314-cp314t-manylinux2014_aarch64.manylinux_2_17_aarch64.manylinux_2_28_aarch64.whl", hash = "sha256:e452c464a02e7dc7822a05d25db4cde564444a67e58539a00f929c51eddda0cf", size = 185210, upload-time = "2026-01-28T18:15:16.002Z" },
    { url = "https://files.pythonhosted.org/packages/dd/2c/ff9bfb544f283ba5f83ba725a3c5fec6d6b10b8f27ac1dc641c473dc390d/psutil-7.2.2-cp314-cp314t-win_amd64.whl", hash = "sha256:c7663d4e37f13e884d13994247449e9f8f574bc4655d509c3b95e9ec9e2b9dc1", size = 141228, upload-time = "2026-01-28T18:15:18.385Z" },
    { url = "https://files.pythonhosted.org/packages/f2/fc/f8d9c31db14fcec13748d373e668bc3bed94d9077dbc17fb0eebc073233c/psutil-7.2.2-cp314-cp314t-win_arm64.whl", hash = "sha256:11fe5a4f613759764e79c65cf11ebdf26e33d6dd34336f8a337aa2996d71c841", size = 136284, upload-time = "2026-01-28T18:15:19.912Z" },
    { url = "https://files.pythonhosted.org/packages/e7/36/5ee6e05c9bd427237b11b3937ad82bb8ad2752d72c6969314590dd0c2f6e/psutil-7.2.2-cp36-abi3-macosx_10_9_x86_64.whl", hash = "sha256:ed0cace939114f62738d808fdcecd4c869222507e266e574799e9c0faa17d486", size = 129090, upload-time = "2026-01-28T18:15:22.168Z" },
    { url = "https://files.pythonhosted.org/packages/80/c4/f5af4c1ca8c1eeb2e92ccca14ce8effdeec651d5ab6053c589b074eda6e1/psutil-7.2.2-cp36-abi3-macosx_11_0_arm64.whl", hash = "sha256:1a7b04c10f32cc88ab39cbf606e117fd74721c831c98a27dc04578deb0c16979", size = 129859, upload-time = "2026-01-28T18:15:23.795Z" },
    { url = "https://files.pythonhosted.org/packages/b5/70/5d8df3b09e25bce090399cf48e452d25c935ab72dad19406c77f4e828045/psutil-7.2.2-cp36-abi3-manylinux2010_x86_64.manylinux_2_12_x86_64.manylinux_2_28_x86_64.whl", hash = "sha256:076a2d2f923fd4821644f5ba89f059523da90dc9014e85f8e45a5774ca5bc6f9", size = 155560, upload-time = "2026-01-28T18:15:25.976Z" },
    { url = "https://files.pythonhosted.org/packages/63/65/37648c0c158dc222aba51c089eb3bdfa238e621674dc42d48706e639204f/psutil-7.2.2-cp36-abi3-manylinux2014_aarch64.manylinux_2_17_aarch64.manylinux_2_28_aarch64.whl", hash = "sha256:b0726cecd84f9474419d67252add4ac0cd9811b04d61123054b9fb6f57df6e9e", size = 156997, upload-time = "2026-01-28T18:15:27.794Z" },
    { url = "https://files.pythonhosted.org/packages/8e/13/125093eadae863ce03c6ffdbae9929430d116a246ef69866dad94da3bfbc/psutil-7.2.2-cp36-abi3-musllinux_1_2_aarch64.whl", hash = "sha256:fd04ef36b4a6d599bbdb225dd1d3f51e00105f6d48a28f006da7f9822f2606d8", size = 148972, upload-time = "2026-01-28T18:15:29.342Z" },
    { url = "https://files.pythonhosted.org/packages/04/78/0acd37ca84ce3ddffaa92ef0f571e073faa6d8ff1f0559ab1272188ea2be/psutil-7.2.2-cp36-abi3-musllinux_1_2_x86_64.whl", hash = "sha256:b58fabe35e80b264a4e3bb23e6b96f9e45a3df7fb7eed419ac0e5947c61e47cc", size = 148266, upload-time = "2026-01-28T18:15:31.597Z" },
    { url = "https://files.pythonhosted.org/packages/b4/90/e2159492b5426be0c1fef7acba807a03511f97c5f86b3caeda6ad92351a7/psutil-7.2.2-cp37-abi3-win_amd64.whl", hash = "sha256:eb7e81434c8d223ec4a219b5fc1c47d0417b12be7ea866e24fb5ad6e84b3d988", size = 137737, upload-time = "2026-01-28T18:15:33.849Z" },
    { url = "https://files.pythonhosted.org/packages/8c/c7/7bb2e321574b10df20cbde462a94e2b71d05f9bbda251ef27d104668306a/psutil-7.2.2-cp37-abi3-win_arm64.whl", hash = "sha256:8c233660f575a5a89e6d4cb65d9f938126312bca76d8fe087b947b3a1aaac9ee", size = 134617, upload-time = "2026-01-28T18:15:36.514Z" },
]

[[package]]
name = "toml"
version = "0.10.2"
source = { registry = "https://pypi.org/simple" }
sdist = { url = "https://files.pythonhosted.org/packages/be/ba/1f744cdc819428fc6b5084ec34d9b30660f6f9daaf70eead706e3203ec3c/toml-0.10.2.tar.gz", hash = "sha256:b3bda1d108d5dd99f4a20d24d9c348e91c4db7ab1b749200bded2f839ccbe68f", size = 22253, upload-time = "2020-11-01T01:40:22.204Z" }
wheels = [
    { url = "https://files.pythonhosted.org/packages/44/6f/7120676b6d73228c96e17f1f794d8ab046fc910d781c8d151120c3f1569e/toml-0.10.2-py2.py3-none-any.whl", hash = "sha256:806143ae5bfb6a3c6e736a764057db0e6a0e05e338b5630894a5f779cabb4f9b", size = 16588, upload-time = "2020-11-01T01:40:20.672Z" },
]
