version = 1
revision = 3
requires-python = ">=3.14"

[[package]]
name = "python-rtmidi"
version = "1.5.8"
source = { registry = "https://pypi.org/simple" }
sdist = { url = "https://files.pythonhosted.org/packages/dd/ee/0f91965dcc471714c69df21e5ca3d94dc81411b7dee2d31ff1184bea07c9/python_rtmidi-1.5.8.tar.gz", hash = "sha256:7f9ade68b068ae09000ecb562ae9521da3a234361ad5449e83fc734544d004fa", size = 368130, upload-time = "2023-11-20T21:55:02.192Z" }

[[package]]
name = "sound"
version = "0.1.0"
source = { editable = "." }
dependencies = [
    { name = "python-rtmidi" },
]

[package.metadata]
requires-dist = [{ name = "python-rtmidi", specifier = ">=1.5.8" }]
